
Microsoft Visual Studio Solution File, Format Version 12.00
# Visual Studio Version 17
VisualStudioVersion = 17.9.34622.214
MinimumVisualStudioVersion = 10.0.40219.1
Project("{FAE04EC0-301F-11D3-BF4B-00C04F79EFBC}") = "Menu_Program", "Menu_Program\Menu_Program.csproj", "{064E5ED3-A9BF-4C66-9526-E17B3C76ABD4}"
EndProject
Global
	GlobalSection(SolutionConfigurationPlatforms) = preSolution
		Debug|Any CPU = Debug|Any CPU
		Release|Any CPU = Release|Any CPU
	EndGlobalSection
	GlobalSection(ProjectConfigurationPlatforms) = postSolution
		{064E5ED3-A9BF-4C66-9526-E17B3C76ABD4}.Debug|Any CPU.ActiveCfg = Debug|Any CPU
		{064E5ED3-A9BF-4C66-9526-E17B3C76ABD4}.Debug|Any CPU.Build.0 = Debug|Any CPU
		{064E5ED3-A9BF-4C66-9526-E17B3C76ABD4}.Release|Any CPU.ActiveCfg = Release|Any CPU
		{064E5ED3-A9BF-4C66-9526-E17B3C76ABD4}.Release|Any CPU.Build.0 = Release|Any CPU
	EndGlobalSection
	GlobalSection(SolutionProperties) = preSolution
		HideSolutionNode = FALSE
	EndGlobalSection
	GlobalSection(ExtensibilityGlobals) = postSolution
		SolutionGuid = {E90C3A40-EC28-4516-9A74-B16925C87FB2}
	EndGlobalSection
EndGlobal
